
Microsoft Visual Studio Solution File, Format Version 12.00
# Visual Studio Version 16
VisualStudioVersion = 16.0.29519.181
MinimumVisualStudioVersion = 10.0.40219.1
Project("{FAE04EC0-301F-11D3-BF4B-00C04F79EFBC}") = "Markdowner", "Markdowner\Markdowner.csproj", "{D5475758-343F-40E1-B7AF-4BA96A9BF6A5}"
EndProject
Project("{2150E333-8FDC-42A3-9474-1A3956D46DE8}") = "Solution Items", "Solution Items", "{0D61822C-4600-4C6B-9649-0B0424ACBCE6}"
	ProjectSection(SolutionItems) = preProject
		.editorconfig = .editorconfig
		.gitignore = .gitignore
		CHANGELOG.md = CHANGELOG.md
		LICENSE = LICENSE
		README.md = README.md
	EndProjectSection
EndProject
Project("{FAE04EC0-301F-11D3-BF4B-00C04F79EFBC}") = "Tests", "Tests\Tests.csproj", "{7EF3DFF6-6545-446B-AFD7-EF7E278ED5B8}"
EndProject
Project("{FAE04EC0-301F-11D3-BF4B-00C04F79EFBC}") = "Example", "Example\Example.csproj", "{AF2E168B-E645-405C-850C-1923C023A943}"
EndProject
Global
	GlobalSection(SolutionConfigurationPlatforms) = preSolution
		Debug|Any CPU = Debug|Any CPU
		Release|Any CPU = Release|Any CPU
	EndGlobalSection
	GlobalSection(ProjectConfigurationPlatforms) = postSolution
		{D5475758-343F-40E1-B7AF-4BA96A9BF6A5}.Debug|Any CPU.ActiveCfg = Debug|Any CPU
		{D5475758-343F-40E1-B7AF-4BA96A9BF6A5}.Debug|Any CPU.Build.0 = Debug|Any CPU
		{D5475758-343F-40E1-B7AF-4BA96A9BF6A5}.Release|Any CPU.ActiveCfg = Release|Any CPU
		{D5475758-343F-40E1-B7AF-4BA96A9BF6A5}.Release|Any CPU.Build.0 = Release|Any CPU
		{7EF3DFF6-6545-446B-AFD7-EF7E278ED5B8}.Debug|Any CPU.ActiveCfg = Debug|Any CPU
		{7EF3DFF6-6545-446B-AFD7-EF7E278ED5B8}.Debug|Any CPU.Build.0 = Debug|Any CPU
		{7EF3DFF6-6545-446B-AFD7-EF7E278ED5B8}.Release|Any CPU.ActiveCfg = Release|Any CPU
		{7EF3DFF6-6545-446B-AFD7-EF7E278ED5B8}.Release|Any CPU.Build.0 = Release|Any CPU
		{AF2E168B-E645-405C-850C-1923C023A943}.Debug|Any CPU.ActiveCfg = Debug|Any CPU
		{AF2E168B-E645-405C-850C-1923C023A943}.Debug|Any CPU.Build.0 = Debug|Any CPU
		{AF2E168B-E645-405C-850C-1923C023A943}.Release|Any CPU.ActiveCfg = Release|Any CPU
		{AF2E168B-E645-405C-850C-1923C023A943}.Release|Any CPU.Build.0 = Release|Any CPU
	EndGlobalSection
	GlobalSection(SolutionProperties) = preSolution
		HideSolutionNode = FALSE
	EndGlobalSection
	GlobalSection(ExtensibilityGlobals) = postSolution
		SolutionGuid = {8B791E1F-E124-49EF-B7C9-11AE6985AB82}
	EndGlobalSection
EndGlobal
